// !$*UTF8*$!
{
	archiveVersion = 1;
	classes = {
	};
	objectVersion = 46;
	objects = {

/* Begin PBXBuildFile section */
		79F7C0AF367AD145D01DE080 /* Pods_VideoTest.framework in Frameworks */ = {isa = PBXBuildFile; fileRef = E0CFDD2A203EE503CDE4B3D1 /* Pods_VideoTest.framework */; settings = {ATTRIBUTES = (Weak, ); }; };
		91B1B56C1B483EB100958D38 /* AppDelegate.swift in Sources */ = {isa = PBXBuildFile; fileRef = 91B1B56B1B483EB100958D38 /* AppDelegate.swift */; };
		91B1B56E1B483EB100958D38 /* MenuViewController.swift in Sources */ = {isa = PBXBuildFile; fileRef = 91B1B56D1B483EB100958D38 /* MenuViewController.swift */; };
		91B1B5711B483EB100958D38 /* Main.storyboard in Resources */ = {isa = PBXBuildFile; fileRef = 91B1B56F1B483EB100958D38 /* Main.storyboard */; };
		91B1B5731B483EB100958D38 /* Images.xcassets in Resources */ = {isa = PBXBuildFile; fileRef = 91B1B5721B483EB100958D38 /* Images.xcassets */; };
		91B1B5761B483EB100958D38 /* LaunchScreen.xib in Resources */ = {isa = PBXBuildFile; fileRef = 91B1B5741B483EB100958D38 /* LaunchScreen.xib */; };
		91B1B5821B483EB100958D38 /* VideoTestTests.swift in Sources */ = {isa = PBXBuildFile; fileRef = 91B1B5811B483EB100958D38 /* VideoTestTests.swift */; };
		91B1B58C1B48474100958D38 /* CustomButton.swift in Sources */ = {isa = PBXBuildFile; fileRef = 91B1B58B1B48474100958D38 /* CustomButton.swift */; };
		91B1B58E1B48487A00958D38 /* VideoCamViewController.swift in Sources */ = {isa = PBXBuildFile; fileRef = 91B1B58D1B48487A00958D38 /* VideoCamViewController.swift */; };
		91B1B5901B48498800958D38 /* SaveVideoViewController.swift in Sources */ = {isa = PBXBuildFile; fileRef = 91B1B58F1B48498800958D38 /* SaveVideoViewController.swift */; };
		91B1B5921B484AA200958D38 /* RadiusImageView.swift in Sources */ = {isa = PBXBuildFile; fileRef = 91B1B5911B484AA200958D38 /* RadiusImageView.swift */; };
		91B1B59A1B4B0A3100958D38 /* S3Request.swift in Sources */ = {isa = PBXBuildFile; fileRef = 91B1B5991B4B0A3100958D38 /* S3Request.swift */; };
		91B1B59C1B4B0B8900958D38 /* Keys.swift in Sources */ = {isa = PBXBuildFile; fileRef = 91B1B59B1B4B0B8900958D38 /* Keys.swift */; };
		91B1B59E1B4B0BF200958D38 /* RailsRequest.swift in Sources */ = {isa = PBXBuildFile; fileRef = 91B1B59D1B4B0BF200958D38 /* RailsRequest.swift */; };
/* End PBXBuildFile section */

/* Begin PBXContainerItemProxy section */
		91B1B57C1B483EB100958D38 /* PBXContainerItemProxy */ = {
			isa = PBXContainerItemProxy;
			containerPortal = 91B1B55E1B483EB100958D38 /* Project object */;
			proxyType = 1;
			remoteGlobalIDString = 91B1B5651B483EB100958D38;
			remoteInfo = VideoTest;
		};
/* End PBXContainerItemProxy section */

/* Begin PBXFileReference section */
		91B1B5661B483EB100958D38 /* VideoTest.app */ = {isa = PBXFileReference; explicitFileType = wrapper.application; includeInIndex = 0; path = VideoTest.app; sourceTree = BUILT_PRODUCTS_DIR; };
		91B1B56A1B483EB100958D38 /* Info.plist */ = {isa = PBXFileReference; lastKnownFileType = text.plist.xml; path = Info.plist; sourceTree = "<group>"; };
		91B1B56B1B483EB100958D38 /* AppDelegate.swift */ = {isa = PBXFileReference; lastKnownFileType = sourcecode.swift; path = AppDelegate.swift; sourceTree = "<group>"; };
		91B1B56D1B483EB100958D38 /* MenuViewController.swift */ = {isa = PBXFileReference; lastKnownFileType = sourcecode.swift; path = MenuViewController.swift; sourceTree = "<group>"; };
		91B1B5701B483EB100958D38 /* Base */ = {isa = PBXFileReference; lastKnownFileType = file.storyboard; name = Base; path = Base.lproj/Main.storyboard; sourceTree = "<group>"; };
		91B1B5721B483EB100958D38 /* Images.xcassets */ = {isa = PBXFileReference; lastKnownFileType = folder.assetcatalog; path = Images.xcassets; sourceTree = "<group>"; };
		91B1B5751B483EB100958D38 /* Base */ = {isa = PBXFileReference; lastKnownFileType = file.xib; name = Base; path = Base.lproj/LaunchScreen.xib; sourceTree = "<group>"; };
		91B1B57B1B483EB100958D38 /* VideoTestTests.xctest */ = {isa = PBXFileReference; explicitFileType = wrapper.cfbundle; includeInIndex = 0; path = VideoTestTests.xctest; sourceTree = BUILT_PRODUCTS_DIR; };
		91B1B5801B483EB100958D38 /* Info.plist */ = {isa = PBXFileReference; lastKnownFileType = text.plist.xml; path = Info.plist; sourceTree = "<group>"; };
		91B1B5811B483EB100958D38 /* VideoTestTests.swift */ = {isa = PBXFileReference; lastKnownFileType = sourcecode.swift; path = VideoTestTests.swift; sourceTree = "<group>"; };
		91B1B58B1B48474100958D38 /* CustomButton.swift */ = {isa = PBXFileReference; fileEncoding = 4; lastKnownFileType = sourcecode.swift; path = CustomButton.swift; sourceTree = "<group>"; };
		91B1B58D1B48487A00958D38 /* VideoCamViewController.swift */ = {isa = PBXFileReference; fileEncoding = 4; lastKnownFileType = sourcecode.swift; path = VideoCamViewController.swift; sourceTree = "<group>"; };
		91B1B58F1B48498800958D38 /* SaveVideoViewController.swift */ = {isa = PBXFileReference; fileEncoding = 4; lastKnownFileType = sourcecode.swift; path = SaveVideoViewController.swift; sourceTree = "<group>"; };
		91B1B5911B484AA200958D38 /* RadiusImageView.swift */ = {isa = PBXFileReference; fileEncoding = 4; lastKnownFileType = sourcecode.swift; path = RadiusImageView.swift; sourceTree = "<group>"; };
		91B1B5991B4B0A3100958D38 /* S3Request.swift */ = {isa = PBXFileReference; fileEncoding = 4; lastKnownFileType = sourcecode.swift; path = S3Request.swift; sourceTree = "<group>"; };
		91B1B59B1B4B0B8900958D38 /* Keys.swift */ = {isa = PBXFileReference; fileEncoding = 4; lastKnownFileType = sourcecode.swift; path = Keys.swift; sourceTree = "<group>"; };
		91B1B59D1B4B0BF200958D38 /* RailsRequest.swift */ = {isa = PBXFileReference; fileEncoding = 4; lastKnownFileType = sourcecode.swift; path = RailsRequest.swift; sourceTree = "<group>"; };
		940078A27F89B553658B04EF /* Pods-VideoTest.debug.xcconfig */ = {isa = PBXFileReference; includeInIndex = 1; lastKnownFileType = text.xcconfig; name = "Pods-VideoTest.debug.xcconfig"; path = "Pods/Target Support Files/Pods-VideoTest/Pods-VideoTest.debug.xcconfig"; sourceTree = "<group>"; };
		C609590340BCC3FE36B8DB8D /* Pods-VideoTest.release.xcconfig */ = {isa = PBXFileReference; includeInIndex = 1; lastKnownFileType = text.xcconfig; name = "Pods-VideoTest.release.xcconfig"; path = "Pods/Target Support Files/Pods-VideoTest/Pods-VideoTest.release.xcconfig"; sourceTree = "<group>"; };
		E0CFDD2A203EE503CDE4B3D1 /* Pods_VideoTest.framework */ = {isa = PBXFileReference; explicitFileType = wrapper.framework; includeInIndex = 0; path = Pods_VideoTest.framework; sourceTree = BUILT_PRODUCTS_DIR; };
/* End PBXFileReference section */

/* Begin PBXFrameworksBuildPhase section */
		91B1B5631B483EB100958D38 /* Frameworks */ = {
			isa = PBXFrameworksBuildPhase;
			buildActionMask = 2147483647;
			files = (
				79F7C0AF367AD145D01DE080 /* Pods_VideoTest.framework in Frameworks */,
			);
			runOnlyForDeploymentPostprocessing = 0;
		};
		91B1B5781B483EB100958D38 /* Frameworks */ = {
			isa = PBXFrameworksBuildPhase;
			buildActionMask = 2147483647;
			files = (
			);
			runOnlyForDeploymentPostprocessing = 0;
		};
/* End PBXFrameworksBuildPhase section */

/* Begin PBXGroup section */
		21351BB2F7C619926CF8647A /* Frameworks */ = {
			isa = PBXGroup;
			children = (
				E0CFDD2A203EE503CDE4B3D1 /* Pods_VideoTest.framework */,
			);
			name = Frameworks;
			sourceTree = "<group>";
		};
		67A4AEE37DCB282C936B3FF8 /* Pods */ = {
			isa = PBXGroup;
			children = (
				940078A27F89B553658B04EF /* Pods-VideoTest.debug.xcconfig */,
				C609590340BCC3FE36B8DB8D /* Pods-VideoTest.release.xcconfig */,
			);
			name = Pods;
			sourceTree = "<group>";
		};
		91B1B55D1B483EB100958D38 = {
			isa = PBXGroup;
			children = (
				91B1B5681B483EB100958D38 /* VideoTest */,
				91B1B57E1B483EB100958D38 /* VideoTestTests */,
				91B1B5671B483EB100958D38 /* Products */,
				67A4AEE37DCB282C936B3FF8 /* Pods */,
				21351BB2F7C619926CF8647A /* Frameworks */,
			);
			sourceTree = "<group>";
		};
		91B1B5671B483EB100958D38 /* Products */ = {
			isa = PBXGroup;
			children = (
				91B1B5661B483EB100958D38 /* VideoTest.app */,
				91B1B57B1B483EB100958D38 /* VideoTestTests.xctest */,
			);
			name = Products;
			sourceTree = "<group>";
		};
		91B1B5681B483EB100958D38 /* VideoTest */ = {
			isa = PBXGroup;
			children = (
				91B1B56F1B483EB100958D38 /* Main.storyboard */,
				91B1B56D1B483EB100958D38 /* MenuViewController.swift */,
				91B1B58D1B48487A00958D38 /* VideoCamViewController.swift */,
				91B1B58F1B48498800958D38 /* SaveVideoViewController.swift */,
				91B1B58B1B48474100958D38 /* CustomButton.swift */,
				91B1B5911B484AA200958D38 /* RadiusImageView.swift */,
				91B1B5691B483EB100958D38 /* Supporting Files */,
			);
			path = VideoTest;
			sourceTree = "<group>";
		};
		91B1B5691B483EB100958D38 /* Supporting Files */ = {
			isa = PBXGroup;
			children = (
				91B1B56B1B483EB100958D38 /* AppDelegate.swift */,
				91B1B5721B483EB100958D38 /* Images.xcassets */,
				91B1B5741B483EB100958D38 /* LaunchScreen.xib */,
				91B1B56A1B483EB100958D38 /* Info.plist */,
				91B1B5991B4B0A3100958D38 /* S3Request.swift */,
				91B1B59D1B4B0BF200958D38 /* RailsRequest.swift */,
				91B1B59B1B4B0B8900958D38 /* Keys.swift */,
			);
			name = "Supporting Files";
			sourceTree = "<group>";
		};
		91B1B57E1B483EB100958D38 /* VideoTestTests */ = {
			isa = PBXGroup;
			children = (
				91B1B5811B483EB100958D38 /* VideoTestTests.swift */,
				91B1B57F1B483EB100958D38 /* Supporting Files */,
			);
			path = VideoTestTests;
			sourceTree = "<group>";
		};
		91B1B57F1B483EB100958D38 /* Supporting Files */ = {
			isa = PBXGroup;
			children = (
				91B1B5801B483EB100958D38 /* Info.plist */,
			);
			name = "Supporting Files";
			sourceTree = "<group>";
		};
/* End PBXGroup section */

/* Begin PBXNativeTarget section */
		91B1B5651B483EB100958D38 /* VideoTest */ = {
			isa = PBXNativeTarget;
			buildConfigurationList = 91B1B5851B483EB100958D38 /* Build configuration list for PBXNativeTarget "VideoTest" */;
			buildPhases = (
				78B908EEF1C78D9CD40FF9A4 /* Check Pods Manifest.lock */,
				91B1B5621B483EB100958D38 /* Sources */,
				91B1B5631B483EB100958D38 /* Frameworks */,
				91B1B5641B483EB100958D38 /* Resources */,
				BAFDF5C41A8950C8E24BD2FC /* Embed Pods Frameworks */,
				F3E0BEB1F49869789184213D /* Copy Pods Resources */,
			);
			buildRules = (
			);
			dependencies = (
			);
			name = VideoTest;
			productName = VideoTest;
			productReference = 91B1B5661B483EB100958D38 /* VideoTest.app */;
			productType = "com.apple.product-type.application";
		};
		91B1B57A1B483EB100958D38 /* VideoTestTests */ = {
			isa = PBXNativeTarget;
			buildConfigurationList = 91B1B5881B483EB100958D38 /* Build configuration list for PBXNativeTarget "VideoTestTests" */;
			buildPhases = (
				91B1B5771B483EB100958D38 /* Sources */,
				91B1B5781B483EB100958D38 /* Frameworks */,
				91B1B5791B483EB100958D38 /* Resources */,
			);
			buildRules = (
			);
			dependencies = (
				91B1B57D1B483EB100958D38 /* PBXTargetDependency */,
			);
			name = VideoTestTests;
			productName = VideoTestTests;
			productReference = 91B1B57B1B483EB100958D38 /* VideoTestTests.xctest */;
			productType = "com.apple.product-type.bundle.unit-test";
		};
/* End PBXNativeTarget section */

/* Begin PBXProject section */
		91B1B55E1B483EB100958D38 /* Project object */ = {
			isa = PBXProject;
			attributes = {
				LastUpgradeCheck = 0640;
				ORGANIZATIONNAME = "Kyle Brooks Robinson";
				TargetAttributes = {
					91B1B5651B483EB100958D38 = {
						CreatedOnToolsVersion = 6.4;
					};
					91B1B57A1B483EB100958D38 = {
						CreatedOnToolsVersion = 6.4;
						TestTargetID = 91B1B5651B483EB100958D38;
					};
				};
			};
			buildConfigurationList = 91B1B5611B483EB100958D38 /* Build configuration list for PBXProject "VideoTest" */;
			compatibilityVersion = "Xcode 3.2";
			developmentRegion = English;
			hasScannedForEncodings = 0;
			knownRegions = (
				en,
				Base,
			);
			mainGroup = 91B1B55D1B483EB100958D38;
			productRefGroup = 91B1B5671B483EB100958D38 /* Products */;
			projectDirPath = "";
			projectRoot = "";
			targets = (
				91B1B5651B483EB100958D38 /* VideoTest */,
				91B1B57A1B483EB100958D38 /* VideoTestTests */,
			);
		};
/* End PBXProject section */

/* Begin PBXResourcesBuildPhase section */
		91B1B5641B483EB100958D38 /* Resources */ = {
			isa = PBXResourcesBuildPhase;
			buildActionMask = 2147483647;
			files = (
				91B1B5711B483EB100958D38 /* Main.storyboard in Resources */,
				91B1B5761B483EB100958D38 /* LaunchScreen.xib in Resources */,
				91B1B5731B483EB100958D38 /* Images.xcassets in Resources */,
			);
			runOnlyForDeploymentPostprocessing = 0;
		};
		91B1B5791B483EB100958D38 /* Resources */ = {
			isa = PBXResourcesBuildPhase;
			buildActionMask = 2147483647;
			files = (
			);
			runOnlyForDeploymentPostprocessing = 0;
		};
/* End PBXResourcesBuildPhase section */

/* Begin PBXShellScriptBuildPhase section */
		78B908EEF1C78D9CD40FF9A4 /* Check Pods Manifest.lock */ = {
			isa = PBXShellScriptBuildPhase;
			buildActionMask = 2147483647;
			files = (
			);
			inputPaths = (
			);
			name = "Check Pods Manifest.lock";
			outputPaths = (
			);
			runOnlyForDeploymentPostprocessing = 0;
			shellPath = /bin/sh;
			shellScript = "diff \"${PODS_ROOT}/../Podfile.lock\" \"${PODS_ROOT}/Manifest.lock\" > /dev/null\nif [[ $? != 0 ]] ; then\n    cat << EOM\nerror: The sandbox is not in sync with the Podfile.lock. Run 'pod install' or update your CocoaPods installation.\nEOM\n    exit 1\nfi\n";
			showEnvVarsInLog = 0;
		};
		BAFDF5C41A8950C8E24BD2FC /* Embed Pods Frameworks */ = {
			isa = PBXShellScriptBuildPhase;
			buildActionMask = 2147483647;
			files = (
			);
			inputPaths = (
			);
			name = "Embed Pods Frameworks";
			outputPaths = (
			);
			runOnlyForDeploymentPostprocessing = 0;
			shellPath = /bin/sh;
			shellScript = "\"${SRCROOT}/Pods/Target Support Files/Pods-VideoTest/Pods-VideoTest-frameworks.sh\"\n";
			showEnvVarsInLog = 0;
		};
		F3E0BEB1F49869789184213D /* Copy Pods Resources */ = {
			isa = PBXShellScriptBuildPhase;
			buildActionMask = 2147483647;
			files = (
			);
			inputPaths = (
			);
			name = "Copy Pods Resources";
			outputPaths = (
			);
			runOnlyForDeploymentPostprocessing = 0;
			shellPath = /bin/sh;
			shellScript = "\"${SRCROOT}/Pods/Target Support Files/Pods-VideoTest/Pods-VideoTest-resources.sh\"\n";
			showEnvVarsInLog = 0;
		};
/* End PBXShellScriptBuildPhase section */

/* Begin PBXSourcesBuildPhase section */
		91B1B5621B483EB100958D38 /* Sources */ = {
			isa = PBXSourcesBuildPhase;
			buildActionMask = 2147483647;
			files = (
				91B1B5921B484AA200958D38 /* RadiusImageView.swift in Sources */,
				91B1B59C1B4B0B8900958D38 /* Keys.swift in Sources */,
				91B1B59E1B4B0BF200958D38 /* RailsRequest.swift in Sources */,
				91B1B56E1B483EB100958D38 /* MenuViewController.swift in Sources */,
				91B1B56C1B483EB100958D38 /* AppDelegate.swift in Sources */,
				91B1B5901B48498800958D38 /* SaveVideoViewController.swift in Sources */,
				91B1B58E1B48487A00958D38 /* VideoCamViewController.swift in Sources */,
				91B1B58C1B48474100958D38 /* CustomButton.swift in Sources */,
				91B1B59A1B4B0A3100958D38 /* S3Request.swift in Sources */,
			);
			runOnlyForDeploymentPostprocessing = 0;
		};
		91B1B5771B483EB100958D38 /* Sources */ = {
			isa = PBXSourcesBuildPhase;
			buildActionMask = 2147483647;
			files = (
				91B1B5821B483EB100958D38 /* VideoTestTests.swift in Sources */,
			);
			runOnlyForDeploymentPostprocessing = 0;
		};
/* End PBXSourcesBuildPhase section */

/* Begin PBXTargetDependency section */
		91B1B57D1B483EB100958D38 /* PBXTargetDependency */ = {
			isa = PBXTargetDependency;
			target = 91B1B5651B483EB100958D38 /* VideoTest */;
			targetProxy = 91B1B57C1B483EB100958D38 /* PBXContainerItemProxy */;
		};
/* End PBXTargetDependency section */

/* Begin PBXVariantGroup section */
		91B1B56F1B483EB100958D38 /* Main.storyboard */ = {
			isa = PBXVariantGroup;
			children = (
				91B1B5701B483EB100958D38 /* Base */,
			);
			name = Main.storyboard;
			sourceTree = "<group>";
		};
		91B1B5741B483EB100958D38 /* LaunchScreen.xib */ = {
			isa = PBXVariantGroup;
			children = (
				91B1B5751B483EB100958D38 /* Base */,
			);
			name = LaunchScreen.xib;
			sourceTree = "<group>";
		};
/* End PBXVariantGroup section */

/* Begin XCBuildConfiguration section */
		91B1B5831B483EB100958D38 /* Debug */ = {
			isa = XCBuildConfiguration;
			buildSettings = {
				ALWAYS_SEARCH_USER_PATHS = NO;
				CLANG_CXX_LANGUAGE_STANDARD = "gnu++0x";
				CLANG_CXX_LIBRARY = "libc++";
				CLANG_ENABLE_MODULES = YES;
				CLANG_ENABLE_OBJC_ARC = YES;
				CLANG_WARN_BOOL_CONVERSION = YES;
				CLANG_WARN_CONSTANT_CONVERSION = YES;
				CLANG_WARN_DIRECT_OBJC_ISA_USAGE = YES_ERROR;
				CLANG_WARN_EMPTY_BODY = YES;
				CLANG_WARN_ENUM_CONVERSION = YES;
				CLANG_WARN_INT_CONVERSION = YES;
				CLANG_WARN_OBJC_ROOT_CLASS = YES_ERROR;
				CLANG_WARN_UNREACHABLE_CODE = YES;
				CLANG_WARN__DUPLICATE_METHOD_MATCH = YES;
				"CODE_SIGN_IDENTITY[sdk=iphoneos*]" = "iPhone Developer";
				COPY_PHASE_STRIP = NO;
				DEBUG_INFORMATION_FORMAT = "dwarf-with-dsym";
				ENABLE_STRICT_OBJC_MSGSEND = YES;
				GCC_C_LANGUAGE_STANDARD = gnu99;
				GCC_DYNAMIC_NO_PIC = NO;
				GCC_NO_COMMON_BLOCKS = YES;
				GCC_OPTIMIZATION_LEVEL = 0;
				GCC_PREPROCESSOR_DEFINITIONS = (
					"DEBUG=1",
					"$(inherited)",
				);
				GCC_SYMBOLS_PRIVATE_EXTERN = NO;
				GCC_WARN_64_TO_32_BIT_CONVERSION = YES;
				GCC_WARN_ABOUT_RETURN_TYPE = YES_ERROR;
				GCC_WARN_UNDECLARED_SELECTOR = YES;
				GCC_WARN_UNINITIALIZED_AUTOS = YES_AGGRESSIVE;
				GCC_WARN_UNUSED_FUNCTION = YES;
				GCC_WARN_UNUSED_VARIABLE = YES;
				IPHONEOS_DEPLOYMENT_TARGET = 8.4;
				MTL_ENABLE_DEBUG_INFO = YES;
				ONLY_ACTIVE_ARCH = YES;
				SDKROOT = iphoneos;
				SWIFT_OPTIMIZATION_LEVEL = "-Onone";
			};
			name = Debug;
		};
		91B1B5841B483EB100958D38 /* Release */ = {
			isa = XCBuildConfiguration;
			buildSettings = {
				ALWAYS_SEARCH_USER_PATHS = NO;
				CLANG_CXX_LANGUAGE_STANDARD = "gnu++0x";
				CLANG_CXX_LIBRARY = "libc++";
				CLANG_ENABLE_MODULES = YES;
				CLANG_ENABLE_OBJC_ARC = YES;
				CLANG_WARN_BOOL_CONVERSION = YES;
				CLANG_WARN_CONSTANT_CONVERSION = YES;
				CLANG_WARN_DIRECT_OBJC_ISA_USAGE = YES_ERROR;
				CLANG_WARN_EMPTY_BODY = YES;
				CLANG_WARN_ENUM_CONVERSION = YES;
				CLANG_WARN_INT_CONVERSION = YES;
				CLANG_WARN_OBJC_ROOT_CLASS = YES_ERROR;
				CLANG_WARN_UNREACHABLE_CODE = YES;
				CLANG_WARN__DUPLICATE_METHOD_MATCH = YES;
				"CODE_SIGN_IDENTITY[sdk=iphoneos*]" = "iPhone Developer";
				COPY_PHASE_STRIP = NO;
				DEBUG_INFORMATION_FORMAT = "dwarf-with-dsym";
				ENABLE_NS_ASSERTIONS = NO;
				ENABLE_STRICT_OBJC_MSGSEND = YES;
				GCC_C_LANGUAGE_STANDARD = gnu99;
				GCC_NO_COMMON_BLOCKS = YES;
				GCC_WARN_64_TO_32_BIT_CONVERSION = YES;
				GCC_WARN_ABOUT_RETURN_TYPE = YES_ERROR;
				GCC_WARN_UNDECLARED_SELECTOR = YES;
				GCC_WARN_UNINITIALIZED_AUTOS = YES_AGGRESSIVE;
				GCC_WARN_UNUSED_FUNCTION = YES;
				GCC_WARN_UNUSED_VARIABLE = YES;
				IPHONEOS_DEPLOYMENT_TARGET = 8.4;
				MTL_ENABLE_DEBUG_INFO = NO;
				SDKROOT = iphoneos;
				VALIDATE_PRODUCT = YES;
			};
			name = Release;
		};
		91B1B5861B483EB100958D38 /* Debug */ = {
			isa = XCBuildConfiguration;
			baseConfigurationReference = 940078A27F89B553658B04EF /* Pods-VideoTest.debug.xcconfig */;
			buildSettings = {
				ASSETCATALOG_COMPILER_APPICON_NAME = AppIcon;
				INFOPLIST_FILE = VideoTest/Info.plist;
				LD_RUNPATH_SEARCH_PATHS = "$(inherited) @executable_path/Frameworks";
				PRODUCT_NAME = "$(TARGET_NAME)";
			};
			name = Debug;
		};
		91B1B5871B483EB100958D38 /* Release */ = {
			isa = XCBuildConfiguration;
			baseConfigurationReference = C609590340BCC3FE36B8DB8D /* Pods-VideoTest.release.xcconfig */;
			buildSettings = {
				ASSETCATALOG_COMPILER_APPICON_NAME = AppIcon;
				INFOPLIST_FILE = VideoTest/Info.plist;
				LD_RUNPATH_SEARCH_PATHS = "$(inherited) @executable_path/Frameworks";
				PRODUCT_NAME = "$(TARGET_NAME)";
			};
			name = Release;
		};
		91B1B5891B483EB100958D38 /* Debug */ = {
			isa = XCBuildConfiguration;
			buildSettings = {
				BUNDLE_LOADER = "$(TEST_HOST)";
				FRAMEWORK_SEARCH_PATHS = (
					"$(SDKROOT)/Developer/Library/Frameworks",
					"$(inherited)",
				);
				GCC_PREPROCESSOR_DEFINITIONS = (
					"DEBUG=1",
					"$(inherited)",
				);
				INFOPLIST_FILE = VideoTestTests/Info.plist;
				LD_RUNPATH_SEARCH_PATHS = "$(inherited) @executable_path/Frameworks @loader_path/Frameworks";
				PRODUCT_NAME = "$(TARGET_NAME)";
				TEST_HOST = "$(BUILT_PRODUCTS_DIR)/VideoTest.app/VideoTest";
			};
			name = Debug;
		};
		91B1B58A1B483EB100958D38 /* Release */ = {
			isa = XCBuildConfiguration;
			buildSettings = {
				BUNDLE_LOADER = "$(TEST_HOST)";
				FRAMEWORK_SEARCH_PATHS = (
					"$(SDKROOT)/Developer/Library/Frameworks",
					"$(inherited)",
				);
				INFOPLIST_FILE = VideoTestTests/Info.plist;
				LD_RUNPATH_SEARCH_PATHS = "$(inherited) @executable_path/Frameworks @loader_path/Frameworks";
				PRODUCT_NAME = "$(TARGET_NAME)";
				TEST_HOST = "$(BUILT_PRODUCTS_DIR)/VideoTest.app/VideoTest";
			};
			name = Release;
		};
/* End XCBuildConfiguration section */

/* Begin XCConfigurationList section */
		91B1B5611B483EB100958D38 /* Build configuration list for PBXProject "VideoTest" */ = {
			isa = XCConfigurationList;
			buildConfigurations = (
				91B1B5831B483EB100958D38 /* Debug */,
				91B1B5841B483EB100958D38 /* Release */,
			);
			defaultConfigurationIsVisible = 0;
			defaultConfigurationName = Release;
		};
		91B1B5851B483EB100958D38 /* Build configuration list for PBXNativeTarget "VideoTest" */ = {
			isa = XCConfigurationList;
			buildConfigurations = (
				91B1B5861B483EB100958D38 /* Debug */,
				91B1B5871B483EB100958D38 /* Release */,
			);
			defaultConfigurationIsVisible = 0;
			defaultConfigurationName = Release;
		};
		91B1B5881B483EB100958D38 /* Build configuration list for PBXNativeTarget "VideoTestTests" */ = {
			isa = XCConfigurationList;
			buildConfigurations = (
				91B1B5891B483EB100958D38 /* Debug */,
				91B1B58A1B483EB100958D38 /* Release */,
			);
			defaultConfigurationIsVisible = 0;
			defaultConfigurationName = Release;
		};
/* End XCConfigurationList section */
	};
	rootObject = 91B1B55E1B483EB100958D38 /* Project object */;
}
