// !$*UTF8*$!
{
	archiveVersion = 1;
	classes = {
	};
	objectVersion = 46;
	objects = {

/* Begin PBXBuildFile section */
		918285871B3C4237003A3E0D /* AppDelegate.swift in Sources */ = {isa = PBXBuildFile; fileRef = 918285861B3C4237003A3E0D /* AppDelegate.swift */; };
		918285891B3C4237003A3E0D /* ViewController.swift in Sources */ = {isa = PBXBuildFile; fileRef = 918285881B3C4237003A3E0D /* ViewController.swift */; };
		9182858C1B3C4237003A3E0D /* Main.storyboard in Resources */ = {isa = PBXBuildFile; fileRef = 9182858A1B3C4237003A3E0D /* Main.storyboard */; };
		9182858E1B3C4237003A3E0D /* Images.xcassets in Resources */ = {isa = PBXBuildFile; fileRef = 9182858D1B3C4237003A3E0D /* Images.xcassets */; };
		918285911B3C4237003A3E0D /* LaunchScreen.xib in Resources */ = {isa = PBXBuildFile; fileRef = 9182858F1B3C4237003A3E0D /* LaunchScreen.xib */; };
		9182859D1B3C4237003A3E0D /* MaskTests.swift in Sources */ = {isa = PBXBuildFile; fileRef = 9182859C1B3C4237003A3E0D /* MaskTests.swift */; };
		918285A91B3C4A5A003A3E0D /* Mask.png in Resources */ = {isa = PBXBuildFile; fileRef = 918285A81B3C4A5A003A3E0D /* Mask.png */; };
/* End PBXBuildFile section */

/* Begin PBXContainerItemProxy section */
		918285971B3C4237003A3E0D /* PBXContainerItemProxy */ = {
			isa = PBXContainerItemProxy;
			containerPortal = 918285791B3C4237003A3E0D /* Project object */;
			proxyType = 1;
			remoteGlobalIDString = 918285801B3C4237003A3E0D;
			remoteInfo = Mask;
		};
/* End PBXContainerItemProxy section */

/* Begin PBXFileReference section */
		918285811B3C4237003A3E0D /* Mask.app */ = {isa = PBXFileReference; explicitFileType = wrapper.application; includeInIndex = 0; path = Mask.app; sourceTree = BUILT_PRODUCTS_DIR; };
		918285851B3C4237003A3E0D /* Info.plist */ = {isa = PBXFileReference; lastKnownFileType = text.plist.xml; path = Info.plist; sourceTree = "<group>"; };
		918285861B3C4237003A3E0D /* AppDelegate.swift */ = {isa = PBXFileReference; lastKnownFileType = sourcecode.swift; path = AppDelegate.swift; sourceTree = "<group>"; };
		918285881B3C4237003A3E0D /* ViewController.swift */ = {isa = PBXFileReference; lastKnownFileType = sourcecode.swift; path = ViewController.swift; sourceTree = "<group>"; };
		9182858B1B3C4237003A3E0D /* Base */ = {isa = PBXFileReference; lastKnownFileType = file.storyboard; name = Base; path = Base.lproj/Main.storyboard; sourceTree = "<group>"; };
		9182858D1B3C4237003A3E0D /* Images.xcassets */ = {isa = PBXFileReference; lastKnownFileType = folder.assetcatalog; path = Images.xcassets; sourceTree = "<group>"; };
		918285901B3C4237003A3E0D /* Base */ = {isa = PBXFileReference; lastKnownFileType = file.xib; name = Base; path = Base.lproj/LaunchScreen.xib; sourceTree = "<group>"; };
		918285961B3C4237003A3E0D /* MaskTests.xctest */ = {isa = PBXFileReference; explicitFileType = wrapper.cfbundle; includeInIndex = 0; path = MaskTests.xctest; sourceTree = BUILT_PRODUCTS_DIR; };
		9182859B1B3C4237003A3E0D /* Info.plist */ = {isa = PBXFileReference; lastKnownFileType = text.plist.xml; path = Info.plist; sourceTree = "<group>"; };
		9182859C1B3C4237003A3E0D /* MaskTests.swift */ = {isa = PBXFileReference; lastKnownFileType = sourcecode.swift; path = MaskTests.swift; sourceTree = "<group>"; };
		918285A81B3C4A5A003A3E0D /* Mask.png */ = {isa = PBXFileReference; lastKnownFileType = image.png; path = Mask.png; sourceTree = "<group>"; };
/* End PBXFileReference section */

/* Begin PBXFrameworksBuildPhase section */
		9182857E1B3C4237003A3E0D /* Frameworks */ = {
			isa = PBXFrameworksBuildPhase;
			buildActionMask = 2147483647;
			files = (
			);
			runOnlyForDeploymentPostprocessing = 0;
		};
		918285931B3C4237003A3E0D /* Frameworks */ = {
			isa = PBXFrameworksBuildPhase;
			buildActionMask = 2147483647;
			files = (
			);
			runOnlyForDeploymentPostprocessing = 0;
		};
/* End PBXFrameworksBuildPhase section */

/* Begin PBXGroup section */
		918285781B3C4237003A3E0D = {
			isa = PBXGroup;
			children = (
				918285831B3C4237003A3E0D /* Mask */,
				918285991B3C4237003A3E0D /* MaskTests */,
				918285821B3C4237003A3E0D /* Products */,
				918285A81B3C4A5A003A3E0D /* Mask.png */,
			);
			sourceTree = "<group>";
		};
		918285821B3C4237003A3E0D /* Products */ = {
			isa = PBXGroup;
			children = (
				918285811B3C4237003A3E0D /* Mask.app */,
				918285961B3C4237003A3E0D /* MaskTests.xctest */,
			);
			name = Products;
			sourceTree = "<group>";
		};
		918285831B3C4237003A3E0D /* Mask */ = {
			isa = PBXGroup;
			children = (
				918285861B3C4237003A3E0D /* AppDelegate.swift */,
				918285881B3C4237003A3E0D /* ViewController.swift */,
				9182858A1B3C4237003A3E0D /* Main.storyboard */,
				9182858D1B3C4237003A3E0D /* Images.xcassets */,
				9182858F1B3C4237003A3E0D /* LaunchScreen.xib */,
				918285841B3C4237003A3E0D /* Supporting Files */,
			);
			path = Mask;
			sourceTree = "<group>";
		};
		918285841B3C4237003A3E0D /* Supporting Files */ = {
			isa = PBXGroup;
			children = (
				918285851B3C4237003A3E0D /* Info.plist */,
			);
			name = "Supporting Files";
			sourceTree = "<group>";
		};
		918285991B3C4237003A3E0D /* MaskTests */ = {
			isa = PBXGroup;
			children = (
				9182859C1B3C4237003A3E0D /* MaskTests.swift */,
				9182859A1B3C4237003A3E0D /* Supporting Files */,
			);
			path = MaskTests;
			sourceTree = "<group>";
		};
		9182859A1B3C4237003A3E0D /* Supporting Files */ = {
			isa = PBXGroup;
			children = (
				9182859B1B3C4237003A3E0D /* Info.plist */,
			);
			name = "Supporting Files";
			sourceTree = "<group>";
		};
/* End PBXGroup section */

/* Begin PBXNativeTarget section */
		918285801B3C4237003A3E0D /* Mask */ = {
			isa = PBXNativeTarget;
			buildConfigurationList = 918285A01B3C4237003A3E0D /* Build configuration list for PBXNativeTarget "Mask" */;
			buildPhases = (
				9182857D1B3C4237003A3E0D /* Sources */,
				9182857E1B3C4237003A3E0D /* Frameworks */,
				9182857F1B3C4237003A3E0D /* Resources */,
			);
			buildRules = (
			);
			dependencies = (
			);
			name = Mask;
			productName = Mask;
			productReference = 918285811B3C4237003A3E0D /* Mask.app */;
			productType = "com.apple.product-type.application";
		};
		918285951B3C4237003A3E0D /* MaskTests */ = {
			isa = PBXNativeTarget;
			buildConfigurationList = 918285A31B3C4237003A3E0D /* Build configuration list for PBXNativeTarget "MaskTests" */;
			buildPhases = (
				918285921B3C4237003A3E0D /* Sources */,
				918285931B3C4237003A3E0D /* Frameworks */,
				918285941B3C4237003A3E0D /* Resources */,
			);
			buildRules = (
			);
			dependencies = (
				918285981B3C4237003A3E0D /* PBXTargetDependency */,
			);
			name = MaskTests;
			productName = MaskTests;
			productReference = 918285961B3C4237003A3E0D /* MaskTests.xctest */;
			productType = "com.apple.product-type.bundle.unit-test";
		};
/* End PBXNativeTarget section */

/* Begin PBXProject section */
		918285791B3C4237003A3E0D /* Project object */ = {
			isa = PBXProject;
			attributes = {
				LastUpgradeCheck = 0630;
				ORGANIZATIONNAME = "Kyle Brooks Robinson";
				TargetAttributes = {
					918285801B3C4237003A3E0D = {
						CreatedOnToolsVersion = 6.3.1;
					};
					918285951B3C4237003A3E0D = {
						CreatedOnToolsVersion = 6.3.1;
						TestTargetID = 918285801B3C4237003A3E0D;
					};
				};
			};
			buildConfigurationList = 9182857C1B3C4237003A3E0D /* Build configuration list for PBXProject "Mask" */;
			compatibilityVersion = "Xcode 3.2";
			developmentRegion = English;
			hasScannedForEncodings = 0;
			knownRegions = (
				en,
				Base,
			);
			mainGroup = 918285781B3C4237003A3E0D;
			productRefGroup = 918285821B3C4237003A3E0D /* Products */;
			projectDirPath = "";
			projectRoot = "";
			targets = (
				918285801B3C4237003A3E0D /* Mask */,
				918285951B3C4237003A3E0D /* MaskTests */,
			);
		};
/* End PBXProject section */

/* Begin PBXResourcesBuildPhase section */
		9182857F1B3C4237003A3E0D /* Resources */ = {
			isa = PBXResourcesBuildPhase;
			buildActionMask = 2147483647;
			files = (
				9182858C1B3C4237003A3E0D /* Main.storyboard in Resources */,
				918285911B3C4237003A3E0D /* LaunchScreen.xib in Resources */,
				9182858E1B3C4237003A3E0D /* Images.xcassets in Resources */,
				918285A91B3C4A5A003A3E0D /* Mask.png in Resources */,
			);
			runOnlyForDeploymentPostprocessing = 0;
		};
		918285941B3C4237003A3E0D /* Resources */ = {
			isa = PBXResourcesBuildPhase;
			buildActionMask = 2147483647;
			files = (
			);
			runOnlyForDeploymentPostprocessing = 0;
		};
/* End PBXResourcesBuildPhase section */

/* Begin PBXSourcesBuildPhase section */
		9182857D1B3C4237003A3E0D /* Sources */ = {
			isa = PBXSourcesBuildPhase;
			buildActionMask = 2147483647;
			files = (
				918285891B3C4237003A3E0D /* ViewController.swift in Sources */,
				918285871B3C4237003A3E0D /* AppDelegate.swift in Sources */,
			);
			runOnlyForDeploymentPostprocessing = 0;
		};
		918285921B3C4237003A3E0D /* Sources */ = {
			isa = PBXSourcesBuildPhase;
			buildActionMask = 2147483647;
			files = (
				9182859D1B3C4237003A3E0D /* MaskTests.swift in Sources */,
			);
			runOnlyForDeploymentPostprocessing = 0;
		};
/* End PBXSourcesBuildPhase section */

/* Begin PBXTargetDependency section */
		918285981B3C4237003A3E0D /* PBXTargetDependency */ = {
			isa = PBXTargetDependency;
			target = 918285801B3C4237003A3E0D /* Mask */;
			targetProxy = 918285971B3C4237003A3E0D /* PBXContainerItemProxy */;
		};
/* End PBXTargetDependency section */

/* Begin PBXVariantGroup section */
		9182858A1B3C4237003A3E0D /* Main.storyboard */ = {
			isa = PBXVariantGroup;
			children = (
				9182858B1B3C4237003A3E0D /* Base */,
			);
			name = Main.storyboard;
			sourceTree = "<group>";
		};
		9182858F1B3C4237003A3E0D /* LaunchScreen.xib */ = {
			isa = PBXVariantGroup;
			children = (
				918285901B3C4237003A3E0D /* Base */,
			);
			name = LaunchScreen.xib;
			sourceTree = "<group>";
		};
/* End PBXVariantGroup section */

/* Begin XCBuildConfiguration section */
		9182859E1B3C4237003A3E0D /* Debug */ = {
			isa = XCBuildConfiguration;
			buildSettings = {
				ALWAYS_SEARCH_USER_PATHS = NO;
				CLANG_CXX_LANGUAGE_STANDARD = "gnu++0x";
				CLANG_CXX_LIBRARY = "libc++";
				CLANG_ENABLE_MODULES = YES;
				CLANG_ENABLE_OBJC_ARC = YES;
				CLANG_WARN_BOOL_CONVERSION = YES;
				CLANG_WARN_CONSTANT_CONVERSION = YES;
				CLANG_WARN_DIRECT_OBJC_ISA_USAGE = YES_ERROR;
				CLANG_WARN_EMPTY_BODY = YES;
				CLANG_WARN_ENUM_CONVERSION = YES;
				CLANG_WARN_INT_CONVERSION = YES;
				CLANG_WARN_OBJC_ROOT_CLASS = YES_ERROR;
				CLANG_WARN_UNREACHABLE_CODE = YES;
				CLANG_WARN__DUPLICATE_METHOD_MATCH = YES;
				"CODE_SIGN_IDENTITY[sdk=iphoneos*]" = "iPhone Developer";
				COPY_PHASE_STRIP = NO;
				DEBUG_INFORMATION_FORMAT = "dwarf-with-dsym";
				ENABLE_STRICT_OBJC_MSGSEND = YES;
				GCC_C_LANGUAGE_STANDARD = gnu99;
				GCC_DYNAMIC_NO_PIC = NO;
				GCC_NO_COMMON_BLOCKS = YES;
				GCC_OPTIMIZATION_LEVEL = 0;
				GCC_PREPROCESSOR_DEFINITIONS = (
					"DEBUG=1",
					"$(inherited)",
				);
				GCC_SYMBOLS_PRIVATE_EXTERN = NO;
				GCC_WARN_64_TO_32_BIT_CONVERSION = YES;
				GCC_WARN_ABOUT_RETURN_TYPE = YES_ERROR;
				GCC_WARN_UNDECLARED_SELECTOR = YES;
				GCC_WARN_UNINITIALIZED_AUTOS = YES_AGGRESSIVE;
				GCC_WARN_UNUSED_FUNCTION = YES;
				GCC_WARN_UNUSED_VARIABLE = YES;
				IPHONEOS_DEPLOYMENT_TARGET = 8.3;
				MTL_ENABLE_DEBUG_INFO = YES;
				ONLY_ACTIVE_ARCH = YES;
				SDKROOT = iphoneos;
				SWIFT_OPTIMIZATION_LEVEL = "-Onone";
			};
			name = Debug;
		};
		9182859F1B3C4237003A3E0D /* Release */ = {
			isa = XCBuildConfiguration;
			buildSettings = {
				ALWAYS_SEARCH_USER_PATHS = NO;
				CLANG_CXX_LANGUAGE_STANDARD = "gnu++0x";
				CLANG_CXX_LIBRARY = "libc++";
				CLANG_ENABLE_MODULES = YES;
				CLANG_ENABLE_OBJC_ARC = YES;
				CLANG_WARN_BOOL_CONVERSION = YES;
				CLANG_WARN_CONSTANT_CONVERSION = YES;
				CLANG_WARN_DIRECT_OBJC_ISA_USAGE = YES_ERROR;
				CLANG_WARN_EMPTY_BODY = YES;
				CLANG_WARN_ENUM_CONVERSION = YES;
				CLANG_WARN_INT_CONVERSION = YES;
				CLANG_WARN_OBJC_ROOT_CLASS = YES_ERROR;
				CLANG_WARN_UNREACHABLE_CODE = YES;
				CLANG_WARN__DUPLICATE_METHOD_MATCH = YES;
				"CODE_SIGN_IDENTITY[sdk=iphoneos*]" = "iPhone Developer";
				COPY_PHASE_STRIP = NO;
				DEBUG_INFORMATION_FORMAT = "dwarf-with-dsym";
				ENABLE_NS_ASSERTIONS = NO;
				ENABLE_STRICT_OBJC_MSGSEND = YES;
				GCC_C_LANGUAGE_STANDARD = gnu99;
				GCC_NO_COMMON_BLOCKS = YES;
				GCC_WARN_64_TO_32_BIT_CONVERSION = YES;
				GCC_WARN_ABOUT_RETURN_TYPE = YES_ERROR;
				GCC_WARN_UNDECLARED_SELECTOR = YES;
				GCC_WARN_UNINITIALIZED_AUTOS = YES_AGGRESSIVE;
				GCC_WARN_UNUSED_FUNCTION = YES;
				GCC_WARN_UNUSED_VARIABLE = YES;
				IPHONEOS_DEPLOYMENT_TARGET = 8.3;
				MTL_ENABLE_DEBUG_INFO = NO;
				SDKROOT = iphoneos;
				VALIDATE_PRODUCT = YES;
			};
			name = Release;
		};
		918285A11B3C4237003A3E0D /* Debug */ = {
			isa = XCBuildConfiguration;
			buildSettings = {
				ASSETCATALOG_COMPILER_APPICON_NAME = AppIcon;
				INFOPLIST_FILE = Mask/Info.plist;
				LD_RUNPATH_SEARCH_PATHS = "$(inherited) @executable_path/Frameworks";
				PRODUCT_NAME = "$(TARGET_NAME)";
			};
			name = Debug;
		};
		918285A21B3C4237003A3E0D /* Release */ = {
			isa = XCBuildConfiguration;
			buildSettings = {
				ASSETCATALOG_COMPILER_APPICON_NAME = AppIcon;
				INFOPLIST_FILE = Mask/Info.plist;
				LD_RUNPATH_SEARCH_PATHS = "$(inherited) @executable_path/Frameworks";
				PRODUCT_NAME = "$(TARGET_NAME)";
			};
			name = Release;
		};
		918285A41B3C4237003A3E0D /* Debug */ = {
			isa = XCBuildConfiguration;
			buildSettings = {
				BUNDLE_LOADER = "$(TEST_HOST)";
				FRAMEWORK_SEARCH_PATHS = (
					"$(SDKROOT)/Developer/Library/Frameworks",
					"$(inherited)",
				);
				GCC_PREPROCESSOR_DEFINITIONS = (
					"DEBUG=1",
					"$(inherited)",
				);
				INFOPLIST_FILE = MaskTests/Info.plist;
				LD_RUNPATH_SEARCH_PATHS = "$(inherited) @executable_path/Frameworks @loader_path/Frameworks";
				PRODUCT_NAME = "$(TARGET_NAME)";
				TEST_HOST = "$(BUILT_PRODUCTS_DIR)/Mask.app/Mask";
			};
			name = Debug;
		};
		918285A51B3C4237003A3E0D /* Release */ = {
			isa = XCBuildConfiguration;
			buildSettings = {
				BUNDLE_LOADER = "$(TEST_HOST)";
				FRAMEWORK_SEARCH_PATHS = (
					"$(SDKROOT)/Developer/Library/Frameworks",
					"$(inherited)",
				);
				INFOPLIST_FILE = MaskTests/Info.plist;
				LD_RUNPATH_SEARCH_PATHS = "$(inherited) @executable_path/Frameworks @loader_path/Frameworks";
				PRODUCT_NAME = "$(TARGET_NAME)";
				TEST_HOST = "$(BUILT_PRODUCTS_DIR)/Mask.app/Mask";
			};
			name = Release;
		};
/* End XCBuildConfiguration section */

/* Begin XCConfigurationList section */
		9182857C1B3C4237003A3E0D /* Build configuration list for PBXProject "Mask" */ = {
			isa = XCConfigurationList;
			buildConfigurations = (
				9182859E1B3C4237003A3E0D /* Debug */,
				9182859F1B3C4237003A3E0D /* Release */,
			);
			defaultConfigurationIsVisible = 0;
			defaultConfigurationName = Release;
		};
		918285A01B3C4237003A3E0D /* Build configuration list for PBXNativeTarget "Mask" */ = {
			isa = XCConfigurationList;
			buildConfigurations = (
				918285A11B3C4237003A3E0D /* Debug */,
				918285A21B3C4237003A3E0D /* Release */,
			);
			defaultConfigurationIsVisible = 0;
		};
		918285A31B3C4237003A3E0D /* Build configuration list for PBXNativeTarget "MaskTests" */ = {
			isa = XCConfigurationList;
			buildConfigurations = (
				918285A41B3C4237003A3E0D /* Debug */,
				918285A51B3C4237003A3E0D /* Release */,
			);
			defaultConfigurationIsVisible = 0;
		};
/* End XCConfigurationList section */
	};
	rootObject = 918285791B3C4237003A3E0D /* Project object */;
}
